
Microsoft Visual Studio Solution File, Format Version 12.00
# Visual Studio 15
VisualStudioVersion = 15.0.27703.2042
MinimumVisualStudioVersion = 10.0.40219.1
Project("{FAE04EC0-301F-11D3-BF4B-00C04F79EFBC}") = "Facts", "Facts\Facts.csproj", "{FAAB18D5-5A0E-4616-B516-9488D9FF4402}"
EndProject
Global
	GlobalSection(SolutionConfigurationPlatforms) = preSolution
		Debug|Any CPU = Debug|Any CPU
		Release|Any CPU = Release|Any CPU
	EndGlobalSection
	GlobalSection(ProjectConfigurationPlatforms) = postSolution
		{FAAB18D5-5A0E-4616-B516-9488D9FF4402}.Debug|Any CPU.ActiveCfg = Debug|Any CPU
		{FAAB18D5-5A0E-4616-B516-9488D9FF4402}.Debug|Any CPU.Build.0 = Debug|Any CPU
		{FAAB18D5-5A0E-4616-B516-9488D9FF4402}.Release|Any CPU.ActiveCfg = Release|Any CPU
		{FAAB18D5-5A0E-4616-B516-9488D9FF4402}.Release|Any CPU.Build.0 = Release|Any CPU
	EndGlobalSection
	GlobalSection(SolutionProperties) = preSolution
		HideSolutionNode = FALSE
	EndGlobalSection
	GlobalSection(ExtensibilityGlobals) = postSolution
		SolutionGuid = {153B2C21-75EE-4231-87D5-A02E9ECB631E}
	EndGlobalSection
EndGlobal
